
Microsoft Visual Studio Solution File, Format Version 12.00
# Visual Studio Version 16
VisualStudioVersion = 16.0.31702.278
MinimumVisualStudioVersion = 10.0.40219.1
Project("{8BC9CEB8-8B4A-11D0-8D11-00A0C91BC942}") = "Taller", "Taller.vcxproj", "{E09A5ADC-CB57-4626-B527-060D73AC5FA7}"
EndProject
Global
	GlobalSection(SolutionConfigurationPlatforms) = preSolution
		Debug|x64 = Debug|x64
		Debug|x86 = Debug|x86
		Release|x64 = Release|x64
		Release|x86 = Release|x86
	EndGlobalSection
	GlobalSection(ProjectConfigurationPlatforms) = postSolution
		{E09A5ADC-CB57-4626-B527-060D73AC5FA7}.Debug|x64.ActiveCfg = Debug|x64
		{E09A5ADC-CB57-4626-B527-060D73AC5FA7}.Debug|x64.Build.0 = Debug|x64
		{E09A5ADC-CB57-4626-B527-060D73AC5FA7}.Debug|x86.ActiveCfg = Debug|Win32
		{E09A5ADC-CB57-4626-B527-060D73AC5FA7}.Debug|x86.Build.0 = Debug|Win32
		{E09A5ADC-CB57-4626-B527-060D73AC5FA7}.Release|x64.ActiveCfg = Release|x64
		{E09A5ADC-CB57-4626-B527-060D73AC5FA7}.Release|x64.Build.0 = Release|x64
		{E09A5ADC-CB57-4626-B527-060D73AC5FA7}.Release|x86.ActiveCfg = Release|Win32
		{E09A5ADC-CB57-4626-B527-060D73AC5FA7}.Release|x86.Build.0 = Release|Win32
	EndGlobalSection
	GlobalSection(SolutionProperties) = preSolution
		HideSolutionNode = FALSE
	EndGlobalSection
	GlobalSection(ExtensibilityGlobals) = postSolution
		SolutionGuid = {7E302BD3-FE8E-4472-840E-151F230CCD30}
	EndGlobalSection
EndGlobal
